{
  "lockfileVersion": 1,
  "workspaces": {
    "": {
      "name": "ethers-kms-provider",
      "dependencies": {
        "@aws-sdk/client-kms": "^3.749.0",
        "@noble/curves": "^1.8.1",
        "@safe-global/api-kit": "^2.5.9",
        "@safe-global/protocol-kit": "^5.2.2",
        "asn1js": "^3.0.5",
        "ethers": "^6.13.5",
      },
      "devDependencies": {
        "bun-types": "^1.2.2",
      },
    },
  },
  "packages": {
    "@adraffy/ens-normalize": ["@adraffy/ens-normalize@1.10.1", "", {}, "sha512-96Z2IP3mYmF1Xg2cDm8f1gWGf/HUVedQ3FMifV4kG/PQ4yEP51xDtRAEfhVNt5f/uzpNkZHwWQuUcu6D6K+Ekw=="],

    "@aws-crypto/sha256-browser": ["@aws-crypto/sha256-browser@5.2.0", "", { "dependencies": { "@aws-crypto/sha256-js": "^5.2.0", "@aws-crypto/supports-web-crypto": "^5.2.0", "@aws-crypto/util": "^5.2.0", "@aws-sdk/types": "^3.222.0", "@aws-sdk/util-locate-window": "^3.0.0", "@smithy/util-utf8": "^2.0.0", "tslib": "^2.6.2" } }, "sha512-AXfN/lGotSQwu6HNcEsIASo7kWXZ5HYWvfOmSNKDsEqC4OashTp8alTmaz+F7TC2L083SFv5RdB+qU3Vs1kZqw=="],

    "@aws-crypto/sha256-js": ["@aws-crypto/sha256-js@5.2.0", "", { "dependencies": { "@aws-crypto/util": "^5.2.0", "@aws-sdk/types": "^3.222.0", "tslib": "^2.6.2" } }, "sha512-FFQQyu7edu4ufvIZ+OadFpHHOt+eSTBaYaki44c+akjg7qZg9oOQeLlk77F6tSYqjDAFClrHJk9tMf0HdVyOvA=="],

    "@aws-crypto/supports-web-crypto": ["@aws-crypto/supports-web-crypto@5.2.0", "", { "dependencies": { "tslib": "^2.6.2" } }, "sha512-iAvUotm021kM33eCdNfwIN//F77/IADDSs58i+MDaOqFrVjZo9bAal0NK7HurRuWLLpF1iLX7gbWrjHjeo+YFg=="],

    "@aws-crypto/util": ["@aws-crypto/util@5.2.0", "", { "dependencies": { "@aws-sdk/types": "^3.222.0", "@smithy/util-utf8": "^2.0.0", "tslib": "^2.6.2" } }, "sha512-4RkU9EsI6ZpBve5fseQlGNUWKMa1RLPQ1dnjnQoe07ldfIzcsGb5hC5W0Dm7u423KWzawlrpbjXBrXCEv9zazQ=="],

    "@aws-sdk/client-kms": ["@aws-sdk/client-kms@3.749.0", "", { "dependencies": { "@aws-crypto/sha256-browser": "5.2.0", "@aws-crypto/sha256-js": "5.2.0", "@aws-sdk/core": "3.749.0", "@aws-sdk/credential-provider-node": "3.749.0", "@aws-sdk/middleware-host-header": "3.734.0", "@aws-sdk/middleware-logger": "3.734.0", "@aws-sdk/middleware-recursion-detection": "3.734.0", "@aws-sdk/middleware-user-agent": "3.749.0", "@aws-sdk/region-config-resolver": "3.734.0", "@aws-sdk/types": "3.734.0", "@aws-sdk/util-endpoints": "3.743.0", "@aws-sdk/util-user-agent-browser": "3.734.0", "@aws-sdk/util-user-agent-node": "3.749.0", "@smithy/config-resolver": "^4.0.1", "@smithy/core": "^3.1.3", "@smithy/fetch-http-handler": "^5.0.1", "@smithy/hash-node": "^4.0.1", "@smithy/invalid-dependency": "^4.0.1", "@smithy/middleware-content-length": "^4.0.1", "@smithy/middleware-endpoint": "^4.0.4", "@smithy/middleware-retry": "^4.0.5", "@smithy/middleware-serde": "^4.0.2", "@smithy/middleware-stack": "^4.0.1", "@smithy/node-config-provider": "^4.0.1", "@smithy/node-http-handler": "^4.0.2", "@smithy/protocol-http": "^5.0.1", "@smithy/smithy-client": "^4.1.4", "@smithy/types": "^4.1.0", "@smithy/url-parser": "^4.0.1", "@smithy/util-base64": "^4.0.0", "@smithy/util-body-length-browser": "^4.0.0", "@smithy/util-body-length-node": "^4.0.0", "@smithy/util-defaults-mode-browser": "^4.0.5", "@smithy/util-defaults-mode-node": "^4.0.5", "@smithy/util-endpoints": "^3.0.1", "@smithy/util-middleware": "^4.0.1", "@smithy/util-retry": "^4.0.1", "@smithy/util-utf8": "^4.0.0", "tslib": "^2.6.2" } }, "sha512-zdPWSlc7cYkoJ47S06hkDh+aMeZe+kKCNaUEyEZac5OQV96Ow62bFHDsP3Q7xt3MVuIBMTdWAE4gxhP6x4Jz3A=="],

    "@aws-sdk/client-sso": ["@aws-sdk/client-sso@3.749.0", "", { "dependencies": { "@aws-crypto/sha256-browser": "5.2.0", "@aws-crypto/sha256-js": "5.2.0", "@aws-sdk/core": "3.749.0", "@aws-sdk/middleware-host-header": "3.734.0", "@aws-sdk/middleware-logger": "3.734.0", "@aws-sdk/middleware-recursion-detection": "3.734.0", "@aws-sdk/middleware-user-agent": "3.749.0", "@aws-sdk/region-config-resolver": "3.734.0", "@aws-sdk/types": "3.734.0", "@aws-sdk/util-endpoints": "3.743.0", "@aws-sdk/util-user-agent-browser": "3.734.0", "@aws-sdk/util-user-agent-node": "3.749.0", "@smithy/config-resolver": "^4.0.1", "@smithy/core": "^3.1.3", "@smithy/fetch-http-handler": "^5.0.1", "@smithy/hash-node": "^4.0.1", "@smithy/invalid-dependency": "^4.0.1", "@smithy/middleware-content-length": "^4.0.1", "@smithy/middleware-endpoint": "^4.0.4", "@smithy/middleware-retry": "^4.0.5", "@smithy/middleware-serde": "^4.0.2", "@smithy/middleware-stack": "^4.0.1", "@smithy/node-config-provider": "^4.0.1", "@smithy/node-http-handler": "^4.0.2", "@smithy/protocol-http": "^5.0.1", "@smithy/smithy-client": "^4.1.4", "@smithy/types": "^4.1.0", "@smithy/url-parser": "^4.0.1", "@smithy/util-base64": "^4.0.0", "@smithy/util-body-length-browser": "^4.0.0", "@smithy/util-body-length-node": "^4.0.0", "@smithy/util-defaults-mode-browser": "^4.0.5", "@smithy/util-defaults-mode-node": "^4.0.5", "@smithy/util-endpoints": "^3.0.1", "@smithy/util-middleware": "^4.0.1", "@smithy/util-retry": "^4.0.1", "@smithy/util-utf8": "^4.0.0", "tslib": "^2.6.2" } }, "sha512-ecmuDu8EPya1LDpGRtpgN7C9PHayDh8EaW37ZBKhuxA7cg099yvTFqsGngwRXbhNjKJ4oVa9OUe0EDnu60atYA=="],

    "@aws-sdk/core": ["@aws-sdk/core@3.749.0", "", { "dependencies": { "@aws-sdk/types": "3.734.0", "@smithy/core": "^3.1.3", "@smithy/node-config-provider": "^4.0.1", "@smithy/property-provider": "^4.0.1", "@smithy/protocol-http": "^5.0.1", "@smithy/signature-v4": "^5.0.1", "@smithy/smithy-client": "^4.1.4", "@smithy/types": "^4.1.0", "@smithy/util-middleware": "^4.0.1", "fast-xml-parser": "4.4.1", "tslib": "^2.6.2" } }, "sha512-w5Jj573+XKwrDNZUjUJDXL5upx+RCw64TLq3Zk8FVg9MsgkzAPorQ9qmzffi6os+PWngd3pFmD8q5y+Y35LpFQ=="],

    "@aws-sdk/credential-provider-env": ["@aws-sdk/credential-provider-env@3.749.0", "", { "dependencies": { "@aws-sdk/core": "3.749.0", "@aws-sdk/types": "3.734.0", "@smithy/property-provider": "^4.0.1", "@smithy/types": "^4.1.0", "tslib": "^2.6.2" } }, "sha512-bhB1ds5QzcSfmCTbjVessXy8xHJROota6wOhFtBsL1aZRQyNN2a9h2QS6xkxjmqVE3yHBsPz+OiSOeLn0kxm7Q=="],

    "@aws-sdk/credential-provider-http": ["@aws-sdk/credential-provider-http@3.749.0", "", { "dependencies": { "@aws-sdk/core": "3.749.0", "@aws-sdk/types": "3.734.0", "@smithy/fetch-http-handler": "^5.0.1", "@smithy/node-http-handler": "^4.0.2", "@smithy/property-provider": "^4.0.1", "@smithy/protocol-http": "^5.0.1", "@smithy/smithy-client": "^4.1.4", "@smithy/types": "^4.1.0", "@smithy/util-stream": "^4.1.0", "tslib": "^2.6.2" } }, "sha512-enFGT8uvETbE6+4bDA2aTOrA/83GrIVPpg2g2r7MwJb36jreXA3KDXaP/5jQsxyIZW70cnYNl/Cawdd4ZXs7CQ=="],

    "@aws-sdk/credential-provider-ini": ["@aws-sdk/credential-provider-ini@3.749.0", "", { "dependencies": { "@aws-sdk/core": "3.749.0", "@aws-sdk/credential-provider-env": "3.749.0", "@aws-sdk/credential-provider-http": "3.749.0", "@aws-sdk/credential-provider-process": "3.749.0", "@aws-sdk/credential-provider-sso": "3.749.0", "@aws-sdk/credential-provider-web-identity": "3.749.0", "@aws-sdk/nested-clients": "3.749.0", "@aws-sdk/types": "3.734.0", "@smithy/credential-provider-imds": "^4.0.1", "@smithy/property-provider": "^4.0.1", "@smithy/shared-ini-file-loader": "^4.0.1", "@smithy/types": "^4.1.0", "tslib": "^2.6.2" } }, "sha512-OB4AGK61lQdoW2mTmaMBw8L+eBo7wF3YJZXwqFI7M2cQe9WtfuKGIxbYWMBMzoLvEtmsbzeppoZZUezooaIclg=="],

    "@aws-sdk/credential-provider-node": ["@aws-sdk/credential-provider-node@3.749.0", "", { "dependencies": { "@aws-sdk/credential-provider-env": "3.749.0", "@aws-sdk/credential-provider-http": "3.749.0", "@aws-sdk/credential-provider-ini": "3.749.0", "@aws-sdk/credential-provider-process": "3.749.0", "@aws-sdk/credential-provider-sso": "3.749.0", "@aws-sdk/credential-provider-web-identity": "3.749.0", "@aws-sdk/types": "3.734.0", "@smithy/credential-provider-imds": "^4.0.1", "@smithy/property-provider": "^4.0.1", "@smithy/shared-ini-file-loader": "^4.0.1", "@smithy/types": "^4.1.0", "tslib": "^2.6.2" } }, "sha512-1QGstZmGmgmY0rLSTAURlBJdR4s2PRYiZh6dS4HkzzQu7xVDWoCMD+2F7dolsNA8ChTNx2OvBW80n3O9QPICCg=="],

    "@aws-sdk/credential-provider-process": ["@aws-sdk/credential-provider-process@3.749.0", "", { "dependencies": { "@aws-sdk/core": "3.749.0", "@aws-sdk/types": "3.734.0", "@smithy/property-provider": "^4.0.1", "@smithy/shared-ini-file-loader": "^4.0.1", "@smithy/types": "^4.1.0", "tslib": "^2.6.2" } }, "sha512-C/cgg/AhRabybZRY9mJ6KDz8uqfasWKuFIFGzTpeb/MIDIL53ZqP61CspiQJTRvC4zlFGqvm43XefphfrBGGlQ=="],

    "@aws-sdk/credential-provider-sso": ["@aws-sdk/credential-provider-sso@3.749.0", "", { "dependencies": { "@aws-sdk/client-sso": "3.749.0", "@aws-sdk/core": "3.749.0", "@aws-sdk/token-providers": "3.749.0", "@aws-sdk/types": "3.734.0", "@smithy/property-provider": "^4.0.1", "@smithy/shared-ini-file-loader": "^4.0.1", "@smithy/types": "^4.1.0", "tslib": "^2.6.2" } }, "sha512-bQNgWcYk10fYOvFwcLskYYVNLO3KMgmV1ip9ieapJb9JDg6bSBaXNjIDhdpK4biTOfrV+adtDO5EU93ogpmAWA=="],

    "@aws-sdk/credential-provider-web-identity": ["@aws-sdk/credential-provider-web-identity@3.749.0", "", { "dependencies": { "@aws-sdk/core": "3.749.0", "@aws-sdk/nested-clients": "3.749.0", "@aws-sdk/types": "3.734.0", "@smithy/property-provider": "^4.0.1", "@smithy/types": "^4.1.0", "tslib": "^2.6.2" } }, "sha512-jzHk6i4G4dnXL+L+qeILguDCiIhA1rNvJzB5lTts4R8OdmNkG12bGbYL8bL4O1b5qCimlo7HS0IZIby0pS7rcg=="],

    "@aws-sdk/middleware-host-header": ["@aws-sdk/middleware-host-header@3.734.0", "", { "dependencies": { "@aws-sdk/types": "3.734.0", "@smithy/protocol-http": "^5.0.1", "@smithy/types": "^4.1.0", "tslib": "^2.6.2" } }, "sha512-LW7RRgSOHHBzWZnigNsDIzu3AiwtjeI2X66v+Wn1P1u+eXssy1+up4ZY/h+t2sU4LU36UvEf+jrZti9c6vRnFw=="],

    "@aws-sdk/middleware-logger": ["@aws-sdk/middleware-logger@3.734.0", "", { "dependencies": { "@aws-sdk/types": "3.734.0", "@smithy/types": "^4.1.0", "tslib": "^2.6.2" } }, "sha512-mUMFITpJUW3LcKvFok176eI5zXAUomVtahb9IQBwLzkqFYOrMJvWAvoV4yuxrJ8TlQBG8gyEnkb9SnhZvjg67w=="],

    "@aws-sdk/middleware-recursion-detection": ["@aws-sdk/middleware-recursion-detection@3.734.0", "", { "dependencies": { "@aws-sdk/types": "3.734.0", "@smithy/protocol-http": "^5.0.1", "@smithy/types": "^4.1.0", "tslib": "^2.6.2" } }, "sha512-CUat2d9ITsFc2XsmeiRQO96iWpxSKYFjxvj27Hc7vo87YUHRnfMfnc8jw1EpxEwMcvBD7LsRa6vDNky6AjcrFA=="],

    "@aws-sdk/middleware-user-agent": ["@aws-sdk/middleware-user-agent@3.749.0", "", { "dependencies": { "@aws-sdk/core": "3.749.0", "@aws-sdk/types": "3.734.0", "@aws-sdk/util-endpoints": "3.743.0", "@smithy/core": "^3.1.3", "@smithy/protocol-http": "^5.0.1", "@smithy/types": "^4.1.0", "tslib": "^2.6.2" } }, "sha512-dNRkZtiM8OoGb/h2Fgrgvty9ltYEubzsD5FH+VN14RrluertLQMmqHrgvq7JoAXFf7MJy+uwhRu4V6pf1sZR/w=="],

    "@aws-sdk/nested-clients": ["@aws-sdk/nested-clients@3.749.0", "", { "dependencies": { "@aws-crypto/sha256-browser": "5.2.0", "@aws-crypto/sha256-js": "5.2.0", "@aws-sdk/core": "3.749.0", "@aws-sdk/middleware-host-header": "3.734.0", "@aws-sdk/middleware-logger": "3.734.0", "@aws-sdk/middleware-recursion-detection": "3.734.0", "@aws-sdk/middleware-user-agent": "3.749.0", "@aws-sdk/region-config-resolver": "3.734.0", "@aws-sdk/types": "3.734.0", "@aws-sdk/util-endpoints": "3.743.0", "@aws-sdk/util-user-agent-browser": "3.734.0", "@aws-sdk/util-user-agent-node": "3.749.0", "@smithy/config-resolver": "^4.0.1", "@smithy/core": "^3.1.3", "@smithy/fetch-http-handler": "^5.0.1", "@smithy/hash-node": "^4.0.1", "@smithy/invalid-dependency": "^4.0.1", "@smithy/middleware-content-length": "^4.0.1", "@smithy/middleware-endpoint": "^4.0.4", "@smithy/middleware-retry": "^4.0.5", "@smithy/middleware-serde": "^4.0.2", "@smithy/middleware-stack": "^4.0.1", "@smithy/node-config-provider": "^4.0.1", "@smithy/node-http-handler": "^4.0.2", "@smithy/protocol-http": "^5.0.1", "@smithy/smithy-client": "^4.1.4", "@smithy/types": "^4.1.0", "@smithy/url-parser": "^4.0.1", "@smithy/util-base64": "^4.0.0", "@smithy/util-body-length-browser": "^4.0.0", "@smithy/util-body-length-node": "^4.0.0", "@smithy/util-defaults-mode-browser": "^4.0.5", "@smithy/util-defaults-mode-node": "^4.0.5", "@smithy/util-endpoints": "^3.0.1", "@smithy/util-middleware": "^4.0.1", "@smithy/util-retry": "^4.0.1", "@smithy/util-utf8": "^4.0.0", "tslib": "^2.6.2" } }, "sha512-5L8OuVojcVQAZw+iVXTaw88AZTlMw8fD51lB6spzbZdNLl6dd5Iz1JVJAOUl2mTAZXRiN5Q9VECwY1yMgWweAw=="],

    "@aws-sdk/region-config-resolver": ["@aws-sdk/region-config-resolver@3.734.0", "", { "dependencies": { "@aws-sdk/types": "3.734.0", "@smithy/node-config-provider": "^4.0.1", "@smithy/types": "^4.1.0", "@smithy/util-config-provider": "^4.0.0", "@smithy/util-middleware": "^4.0.1", "tslib": "^2.6.2" } }, "sha512-Lvj1kPRC5IuJBr9DyJ9T9/plkh+EfKLy+12s/mykOy1JaKHDpvj+XGy2YO6YgYVOb8JFtaqloid+5COtje4JTQ=="],

    "@aws-sdk/token-providers": ["@aws-sdk/token-providers@3.749.0", "", { "dependencies": { "@aws-sdk/nested-clients": "3.749.0", "@aws-sdk/types": "3.734.0", "@smithy/property-provider": "^4.0.1", "@smithy/shared-ini-file-loader": "^4.0.1", "@smithy/types": "^4.1.0", "tslib": "^2.6.2" } }, "sha512-s3ExVWoNZan6U7ljMqjiHq3bOe4EqL+U+cVPwqNxAsMaJpGyCiA8VQFlXNGg0EPAFbz/0DVBcozYht6/vyH3sg=="],

    "@aws-sdk/types": ["@aws-sdk/types@3.734.0", "", { "dependencies": { "@smithy/types": "^4.1.0", "tslib": "^2.6.2" } }, "sha512-o11tSPTT70nAkGV1fN9wm/hAIiLPyWX6SuGf+9JyTp7S/rC2cFWhR26MvA69nplcjNaXVzB0f+QFrLXXjOqCrg=="],

    "@aws-sdk/util-endpoints": ["@aws-sdk/util-endpoints@3.743.0", "", { "dependencies": { "@aws-sdk/types": "3.734.0", "@smithy/types": "^4.1.0", "@smithy/util-endpoints": "^3.0.1", "tslib": "^2.6.2" } }, "sha512-sN1l559zrixeh5x+pttrnd0A3+r34r0tmPkJ/eaaMaAzXqsmKU/xYre9K3FNnsSS1J1k4PEfk/nHDTVUgFYjnw=="],

    "@aws-sdk/util-locate-window": ["@aws-sdk/util-locate-window@3.723.0", "", { "dependencies": { "tslib": "^2.6.2" } }, "sha512-Yf2CS10BqK688DRsrKI/EO6B8ff5J86NXe4C+VCysK7UOgN0l1zOTeTukZ3H8Q9tYYX3oaF1961o8vRkFm7Nmw=="],

    "@aws-sdk/util-user-agent-browser": ["@aws-sdk/util-user-agent-browser@3.734.0", "", { "dependencies": { "@aws-sdk/types": "3.734.0", "@smithy/types": "^4.1.0", "bowser": "^2.11.0", "tslib": "^2.6.2" } }, "sha512-xQTCus6Q9LwUuALW+S76OL0jcWtMOVu14q+GoLnWPUM7QeUw963oQcLhF7oq0CtaLLKyl4GOUfcwc773Zmwwng=="],

    "@aws-sdk/util-user-agent-node": ["@aws-sdk/util-user-agent-node@3.749.0", "", { "dependencies": { "@aws-sdk/middleware-user-agent": "3.749.0", "@aws-sdk/types": "3.734.0", "@smithy/node-config-provider": "^4.0.1", "@smithy/types": "^4.1.0", "tslib": "^2.6.2" }, "peerDependencies": { "aws-crt": ">=1.0.0" }, "optionalPeers": ["aws-crt"] }, "sha512-uBzolGGrwvZKhpYlGIy9tw6gRdqVs2zyjjXUiifdgbr3WiQXJe8sE1KhLjzyN/VOPcZB0rY34ybqiKEDOymOeQ=="],

    "@noble/curves": ["@noble/curves@1.8.1", "", { "dependencies": { "@noble/hashes": "1.7.1" } }, "sha512-warwspo+UYUPep0Q+vtdVB4Ugn8GGQj8iyB3gnRWsztmUHTI3S1nhdiWNsPUGL0vud7JlRRk1XEu7Lq1KGTnMQ=="],

    "@noble/hashes": ["@noble/hashes@1.7.1", "", {}, "sha512-B8XBPsn4vT/KJAGqDzbwztd+6Yte3P4V7iafm24bxgDe/mlRuK6xmWPuCNrKt2vDafZ8MfJLlchDG/vYafQEjQ=="],

    "@peculiar/asn1-schema": ["@peculiar/asn1-schema@2.3.15", "", { "dependencies": { "asn1js": "^3.0.5", "pvtsutils": "^1.3.6", "tslib": "^2.8.1" } }, "sha512-QPeD8UA8axQREpgR5UTAfu2mqQmm97oUqahDtNdBcfj3qAnoXzFdQW+aNf/tD2WVXF8Fhmftxoj0eMIT++gX2w=="],

    "@safe-global/api-kit": ["@safe-global/api-kit@2.5.9", "", { "dependencies": { "@safe-global/protocol-kit": "^5.2.2", "@safe-global/types-kit": "^1.0.2", "node-fetch": "^2.7.0", "viem": "^2.21.8" } }, "sha512-AGf8X2NHK355ie5AyBkPq5D+eV66i3VIN4zhnHCKsuyPa6p7SHsNBNiauE2QyPrv3UOKXTJhZW7OifKjDQeIsg=="],

    "@safe-global/protocol-kit": ["@safe-global/protocol-kit@5.2.2", "", { "dependencies": { "@safe-global/safe-deployments": "^1.37.28", "@safe-global/safe-modules-deployments": "^2.2.5", "@safe-global/types-kit": "^1.0.2", "abitype": "^1.0.2", "semver": "^7.6.3", "viem": "^2.21.8" }, "optionalDependencies": { "@noble/curves": "^1.6.0", "@peculiar/asn1-schema": "^2.3.13" } }, "sha512-e0Veo7K3fzOp24XViuzcs2ErvWpR3G1sg9OjiIv4MuwQdOr0IhAU7GiIZflMe0TC0Y1Ebdeb5w+tk6EdUEiaKQ=="],

    "@safe-global/safe-deployments": ["@safe-global/safe-deployments@1.37.30", "", { "dependencies": { "semver": "^7.6.2" } }, "sha512-fARm/2VkT4Om/EoaVG4G/TvxaXnVfJZQrsXi/3eDcIB0NwkjgTHoku7FfdY4Gl3EINCaUHnWT9t7CNMPJu/I5w=="],

    "@safe-global/safe-modules-deployments": ["@safe-global/safe-modules-deployments@2.2.7", "", {}, "sha512-xlnAW7d0394EwlRgWJ+nuQNQmGkL0qBE54pN+1IBbUEFvWW8q0SbhDsTmlGgeDM+9F8q2KM06Ip1JMmddppA/Q=="],

    "@safe-global/types-kit": ["@safe-global/types-kit@1.0.2", "", { "dependencies": { "abitype": "^1.0.2" } }, "sha512-KiRlU1nlWuj4Qr+nLxgO/yRpJamVUOonnAkLrSMrzfGwXcfLWXJJtoD9sv/pvTIHMWSOlzgkrc1KXqY3K68SGg=="],

    "@scure/base": ["@scure/base@1.2.4", "", {}, "sha512-5Yy9czTO47mqz+/J8GM6GIId4umdCk1wc1q8rKERQulIoc8VP9pzDcghv10Tl2E7R96ZUx/PhND3ESYUQX8NuQ=="],

    "@scure/bip32": ["@scure/bip32@1.6.2", "", { "dependencies": { "@noble/curves": "~1.8.1", "@noble/hashes": "~1.7.1", "@scure/base": "~1.2.2" } }, "sha512-t96EPDMbtGgtb7onKKqxRLfE5g05k7uHnHRM2xdE6BP/ZmxaLtPek4J4KfVn/90IQNrU1IOAqMgiDtUdtbe3nw=="],

    "@scure/bip39": ["@scure/bip39@1.5.4", "", { "dependencies": { "@noble/hashes": "~1.7.1", "@scure/base": "~1.2.4" } }, "sha512-TFM4ni0vKvCfBpohoh+/lY05i9gRbSwXWngAsF4CABQxoaOHijxuaZ2R6cStDQ5CHtHO9aGJTr4ksVJASRRyMA=="],

    "@smithy/abort-controller": ["@smithy/abort-controller@4.0.1", "", { "dependencies": { "@smithy/types": "^4.1.0", "tslib": "^2.6.2" } }, "sha512-fiUIYgIgRjMWznk6iLJz35K2YxSLHzLBA/RC6lBrKfQ8fHbPfvk7Pk9UvpKoHgJjI18MnbPuEju53zcVy6KF1g=="],

    "@smithy/config-resolver": ["@smithy/config-resolver@4.0.1", "", { "dependencies": { "@smithy/node-config-provider": "^4.0.1", "@smithy/types": "^4.1.0", "@smithy/util-config-provider": "^4.0.0", "@smithy/util-middleware": "^4.0.1", "tslib": "^2.6.2" } }, "sha512-Igfg8lKu3dRVkTSEm98QpZUvKEOa71jDX4vKRcvJVyRc3UgN3j7vFMf0s7xLQhYmKa8kyJGQgUJDOV5V3neVlQ=="],

    "@smithy/core": ["@smithy/core@3.1.4", "", { "dependencies": { "@smithy/middleware-serde": "^4.0.2", "@smithy/protocol-http": "^5.0.1", "@smithy/types": "^4.1.0", "@smithy/util-body-length-browser": "^4.0.0", "@smithy/util-middleware": "^4.0.1", "@smithy/util-stream": "^4.1.1", "@smithy/util-utf8": "^4.0.0", "tslib": "^2.6.2" } }, "sha512-wFExFGK+7r2wYriOqe7RRIBNpvxwiS95ih09+GSLRBdoyK/O1uZA7K7pKesj5CBvwJuSBeXwLyR88WwIAY+DGA=="],

    "@smithy/credential-provider-imds": ["@smithy/credential-provider-imds@4.0.1", "", { "dependencies": { "@smithy/node-config-provider": "^4.0.1", "@smithy/property-provider": "^4.0.1", "@smithy/types": "^4.1.0", "@smithy/url-parser": "^4.0.1", "tslib": "^2.6.2" } }, "sha512-l/qdInaDq1Zpznpmev/+52QomsJNZ3JkTl5yrTl02V6NBgJOQ4LY0SFw/8zsMwj3tLe8vqiIuwF6nxaEwgf6mg=="],

    "@smithy/fetch-http-handler": ["@smithy/fetch-http-handler@5.0.1", "", { "dependencies": { "@smithy/protocol-http": "^5.0.1", "@smithy/querystring-builder": "^4.0.1", "@smithy/types": "^4.1.0", "@smithy/util-base64": "^4.0.0", "tslib": "^2.6.2" } }, "sha512-3aS+fP28urrMW2KTjb6z9iFow6jO8n3MFfineGbndvzGZit3taZhKWtTorf+Gp5RpFDDafeHlhfsGlDCXvUnJA=="],

    "@smithy/hash-node": ["@smithy/hash-node@4.0.1", "", { "dependencies": { "@smithy/types": "^4.1.0", "@smithy/util-buffer-from": "^4.0.0", "@smithy/util-utf8": "^4.0.0", "tslib": "^2.6.2" } }, "sha512-TJ6oZS+3r2Xu4emVse1YPB3Dq3d8RkZDKcPr71Nj/lJsdAP1c7oFzYqEn1IBc915TsgLl2xIJNuxCz+gLbLE0w=="],

    "@smithy/invalid-dependency": ["@smithy/invalid-dependency@4.0.1", "", { "dependencies": { "@smithy/types": "^4.1.0", "tslib": "^2.6.2" } }, "sha512-gdudFPf4QRQ5pzj7HEnu6FhKRi61BfH/Gk5Yf6O0KiSbr1LlVhgjThcvjdu658VE6Nve8vaIWB8/fodmS1rBPQ=="],

    "@smithy/is-array-buffer": ["@smithy/is-array-buffer@4.0.0", "", { "dependencies": { "tslib": "^2.6.2" } }, "sha512-saYhF8ZZNoJDTvJBEWgeBccCg+yvp1CX+ed12yORU3NilJScfc6gfch2oVb4QgxZrGUx3/ZJlb+c/dJbyupxlw=="],

    "@smithy/middleware-content-length": ["@smithy/middleware-content-length@4.0.1", "", { "dependencies": { "@smithy/protocol-http": "^5.0.1", "@smithy/types": "^4.1.0", "tslib": "^2.6.2" } }, "sha512-OGXo7w5EkB5pPiac7KNzVtfCW2vKBTZNuCctn++TTSOMpe6RZO/n6WEC1AxJINn3+vWLKW49uad3lo/u0WJ9oQ=="],

    "@smithy/middleware-endpoint": ["@smithy/middleware-endpoint@4.0.5", "", { "dependencies": { "@smithy/core": "^3.1.4", "@smithy/middleware-serde": "^4.0.2", "@smithy/node-config-provider": "^4.0.1", "@smithy/shared-ini-file-loader": "^4.0.1", "@smithy/types": "^4.1.0", "@smithy/url-parser": "^4.0.1", "@smithy/util-middleware": "^4.0.1", "tslib": "^2.6.2" } }, "sha512-cPzGZV7qStHwboFrm6GfrzQE+YDiCzWcTh4+7wKrP/ZQ4gkw+r7qDjV8GjM4N0UYsuUyLfpzLGg5hxsYTU11WA=="],

    "@smithy/middleware-retry": ["@smithy/middleware-retry@4.0.6", "", { "dependencies": { "@smithy/node-config-provider": "^4.0.1", "@smithy/protocol-http": "^5.0.1", "@smithy/service-error-classification": "^4.0.1", "@smithy/smithy-client": "^4.1.5", "@smithy/types": "^4.1.0", "@smithy/util-middleware": "^4.0.1", "@smithy/util-retry": "^4.0.1", "tslib": "^2.6.2", "uuid": "^9.0.1" } }, "sha512-s8QzuOQnbdvRymD9Gt9c9zMq10wUQAHQ3z72uirrBHCwZcLTrL5iCOuVTMdka2IXOYhQE890WD5t6G24+F+Qcg=="],

    "@smithy/middleware-serde": ["@smithy/middleware-serde@4.0.2", "", { "dependencies": { "@smithy/types": "^4.1.0", "tslib": "^2.6.2" } }, "sha512-Sdr5lOagCn5tt+zKsaW+U2/iwr6bI9p08wOkCp6/eL6iMbgdtc2R5Ety66rf87PeohR0ExI84Txz9GYv5ou3iQ=="],

    "@smithy/middleware-stack": ["@smithy/middleware-stack@4.0.1", "", { "dependencies": { "@smithy/types": "^4.1.0", "tslib": "^2.6.2" } }, "sha512-dHwDmrtR/ln8UTHpaIavRSzeIk5+YZTBtLnKwDW3G2t6nAupCiQUvNzNoHBpik63fwUaJPtlnMzXbQrNFWssIA=="],

    "@smithy/node-config-provider": ["@smithy/node-config-provider@4.0.1", "", { "dependencies": { "@smithy/property-provider": "^4.0.1", "@smithy/shared-ini-file-loader": "^4.0.1", "@smithy/types": "^4.1.0", "tslib": "^2.6.2" } }, "sha512-8mRTjvCtVET8+rxvmzRNRR0hH2JjV0DFOmwXPrISmTIJEfnCBugpYYGAsCj8t41qd+RB5gbheSQ/6aKZCQvFLQ=="],

    "@smithy/node-http-handler": ["@smithy/node-http-handler@4.0.2", "", { "dependencies": { "@smithy/abort-controller": "^4.0.1", "@smithy/protocol-http": "^5.0.1", "@smithy/querystring-builder": "^4.0.1", "@smithy/types": "^4.1.0", "tslib": "^2.6.2" } }, "sha512-X66H9aah9hisLLSnGuzRYba6vckuFtGE+a5DcHLliI/YlqKrGoxhisD5XbX44KyoeRzoNlGr94eTsMVHFAzPOw=="],

    "@smithy/property-provider": ["@smithy/property-provider@4.0.1", "", { "dependencies": { "@smithy/types": "^4.1.0", "tslib": "^2.6.2" } }, "sha512-o+VRiwC2cgmk/WFV0jaETGOtX16VNPp2bSQEzu0whbReqE1BMqsP2ami2Vi3cbGVdKu1kq9gQkDAGKbt0WOHAQ=="],

    "@smithy/protocol-http": ["@smithy/protocol-http@5.0.1", "", { "dependencies": { "@smithy/types": "^4.1.0", "tslib": "^2.6.2" } }, "sha512-TE4cpj49jJNB/oHyh/cRVEgNZaoPaxd4vteJNB0yGidOCVR0jCw/hjPVsT8Q8FRmj8Bd3bFZt8Dh7xGCT+xMBQ=="],

    "@smithy/querystring-builder": ["@smithy/querystring-builder@4.0.1", "", { "dependencies": { "@smithy/types": "^4.1.0", "@smithy/util-uri-escape": "^4.0.0", "tslib": "^2.6.2" } }, "sha512-wU87iWZoCbcqrwszsOewEIuq+SU2mSoBE2CcsLwE0I19m0B2gOJr1MVjxWcDQYOzHbR1xCk7AcOBbGFUYOKvdg=="],

    "@smithy/querystring-parser": ["@smithy/querystring-parser@4.0.1", "", { "dependencies": { "@smithy/types": "^4.1.0", "tslib": "^2.6.2" } }, "sha512-Ma2XC7VS9aV77+clSFylVUnPZRindhB7BbmYiNOdr+CHt/kZNJoPP0cd3QxCnCFyPXC4eybmyE98phEHkqZ5Jw=="],

    "@smithy/service-error-classification": ["@smithy/service-error-classification@4.0.1", "", { "dependencies": { "@smithy/types": "^4.1.0" } }, "sha512-3JNjBfOWpj/mYfjXJHB4Txc/7E4LVq32bwzE7m28GN79+M1f76XHflUaSUkhOriprPDzev9cX/M+dEB80DNDKA=="],

    "@smithy/shared-ini-file-loader": ["@smithy/shared-ini-file-loader@4.0.1", "", { "dependencies": { "@smithy/types": "^4.1.0", "tslib": "^2.6.2" } }, "sha512-hC8F6qTBbuHRI/uqDgqqi6J0R4GtEZcgrZPhFQnMhfJs3MnUTGSnR1NSJCJs5VWlMydu0kJz15M640fJlRsIOw=="],

    "@smithy/signature-v4": ["@smithy/signature-v4@5.0.1", "", { "dependencies": { "@smithy/is-array-buffer": "^4.0.0", "@smithy/protocol-http": "^5.0.1", "@smithy/types": "^4.1.0", "@smithy/util-hex-encoding": "^4.0.0", "@smithy/util-middleware": "^4.0.1", "@smithy/util-uri-escape": "^4.0.0", "@smithy/util-utf8": "^4.0.0", "tslib": "^2.6.2" } }, "sha512-nCe6fQ+ppm1bQuw5iKoeJ0MJfz2os7Ic3GBjOkLOPtavbD1ONoyE3ygjBfz2ythFWm4YnRm6OxW+8p/m9uCoIA=="],

    "@smithy/smithy-client": ["@smithy/smithy-client@4.1.5", "", { "dependencies": { "@smithy/core": "^3.1.4", "@smithy/middleware-endpoint": "^4.0.5", "@smithy/middleware-stack": "^4.0.1", "@smithy/protocol-http": "^5.0.1", "@smithy/types": "^4.1.0", "@smithy/util-stream": "^4.1.1", "tslib": "^2.6.2" } }, "sha512-DMXYoYeL4QkElr216n1yodTFeATbfb4jwYM9gKn71Rw/FNA1/Sm36tkTSCsZEs7mgpG3OINmkxL9vgVFzyGPaw=="],

    "@smithy/types": ["@smithy/types@4.1.0", "", { "dependencies": { "tslib": "^2.6.2" } }, "sha512-enhjdwp4D7CXmwLtD6zbcDMbo6/T6WtuuKCY49Xxc6OMOmUWlBEBDREsxxgV2LIdeQPW756+f97GzcgAwp3iLw=="],

    "@smithy/url-parser": ["@smithy/url-parser@4.0.1", "", { "dependencies": { "@smithy/querystring-parser": "^4.0.1", "@smithy/types": "^4.1.0", "tslib": "^2.6.2" } }, "sha512-gPXcIEUtw7VlK8f/QcruNXm7q+T5hhvGu9tl63LsJPZ27exB6dtNwvh2HIi0v7JcXJ5emBxB+CJxwaLEdJfA+g=="],

    "@smithy/util-base64": ["@smithy/util-base64@4.0.0", "", { "dependencies": { "@smithy/util-buffer-from": "^4.0.0", "@smithy/util-utf8": "^4.0.0", "tslib": "^2.6.2" } }, "sha512-CvHfCmO2mchox9kjrtzoHkWHxjHZzaFojLc8quxXY7WAAMAg43nuxwv95tATVgQFNDwd4M9S1qFzj40Ul41Kmg=="],

    "@smithy/util-body-length-browser": ["@smithy/util-body-length-browser@4.0.0", "", { "dependencies": { "tslib": "^2.6.2" } }, "sha512-sNi3DL0/k64/LO3A256M+m3CDdG6V7WKWHdAiBBMUN8S3hK3aMPhwnPik2A/a2ONN+9doY9UxaLfgqsIRg69QA=="],

    "@smithy/util-body-length-node": ["@smithy/util-body-length-node@4.0.0", "", { "dependencies": { "tslib": "^2.6.2" } }, "sha512-q0iDP3VsZzqJyje8xJWEJCNIu3lktUGVoSy1KB0UWym2CL1siV3artm+u1DFYTLejpsrdGyCSWBdGNjJzfDPjg=="],

    "@smithy/util-buffer-from": ["@smithy/util-buffer-from@4.0.0", "", { "dependencies": { "@smithy/is-array-buffer": "^4.0.0", "tslib": "^2.6.2" } }, "sha512-9TOQ7781sZvddgO8nxueKi3+yGvkY35kotA0Y6BWRajAv8jjmigQ1sBwz0UX47pQMYXJPahSKEKYFgt+rXdcug=="],

    "@smithy/util-config-provider": ["@smithy/util-config-provider@4.0.0", "", { "dependencies": { "tslib": "^2.6.2" } }, "sha512-L1RBVzLyfE8OXH+1hsJ8p+acNUSirQnWQ6/EgpchV88G6zGBTDPdXiiExei6Z1wR2RxYvxY/XLw6AMNCCt8H3w=="],

    "@smithy/util-defaults-mode-browser": ["@smithy/util-defaults-mode-browser@4.0.6", "", { "dependencies": { "@smithy/property-provider": "^4.0.1", "@smithy/smithy-client": "^4.1.5", "@smithy/types": "^4.1.0", "bowser": "^2.11.0", "tslib": "^2.6.2" } }, "sha512-N8+VCt+piupH1A7DgSVDNrVHqRLz8r6DvBkpS7EWHiIxsUk4jqGuQLjqC/gnCzmwGkVBdNruHoYAzzaSQ8e80w=="],

    "@smithy/util-defaults-mode-node": ["@smithy/util-defaults-mode-node@4.0.6", "", { "dependencies": { "@smithy/config-resolver": "^4.0.1", "@smithy/credential-provider-imds": "^4.0.1", "@smithy/node-config-provider": "^4.0.1", "@smithy/property-provider": "^4.0.1", "@smithy/smithy-client": "^4.1.5", "@smithy/types": "^4.1.0", "tslib": "^2.6.2" } }, "sha512-9zhx1shd1VwSSVvLZB8CM3qQ3RPD3le7A3h/UPuyh/PC7g4OaWDi2xUNzamsVoSmCGtmUBONl56lM2EU6LcH7A=="],

    "@smithy/util-endpoints": ["@smithy/util-endpoints@3.0.1", "", { "dependencies": { "@smithy/node-config-provider": "^4.0.1", "@smithy/types": "^4.1.0", "tslib": "^2.6.2" } }, "sha512-zVdUENQpdtn9jbpD9SCFK4+aSiavRb9BxEtw9ZGUR1TYo6bBHbIoi7VkrFQ0/RwZlzx0wRBaRmPclj8iAoJCLA=="],

    "@smithy/util-hex-encoding": ["@smithy/util-hex-encoding@4.0.0", "", { "dependencies": { "tslib": "^2.6.2" } }, "sha512-Yk5mLhHtfIgW2W2WQZWSg5kuMZCVbvhFmC7rV4IO2QqnZdbEFPmQnCcGMAX2z/8Qj3B9hYYNjZOhWym+RwhePw=="],

    "@smithy/util-middleware": ["@smithy/util-middleware@4.0.1", "", { "dependencies": { "@smithy/types": "^4.1.0", "tslib": "^2.6.2" } }, "sha512-HiLAvlcqhbzhuiOa0Lyct5IIlyIz0PQO5dnMlmQ/ubYM46dPInB+3yQGkfxsk6Q24Y0n3/JmcA1v5iEhmOF5mA=="],

    "@smithy/util-retry": ["@smithy/util-retry@4.0.1", "", { "dependencies": { "@smithy/service-error-classification": "^4.0.1", "@smithy/types": "^4.1.0", "tslib": "^2.6.2" } }, "sha512-WmRHqNVwn3kI3rKk1LsKcVgPBG6iLTBGC1iYOV3GQegwJ3E8yjzHytPt26VNzOWr1qu0xE03nK0Ug8S7T7oufw=="],

    "@smithy/util-stream": ["@smithy/util-stream@4.1.1", "", { "dependencies": { "@smithy/fetch-http-handler": "^5.0.1", "@smithy/node-http-handler": "^4.0.2", "@smithy/types": "^4.1.0", "@smithy/util-base64": "^4.0.0", "@smithy/util-buffer-from": "^4.0.0", "@smithy/util-hex-encoding": "^4.0.0", "@smithy/util-utf8": "^4.0.0", "tslib": "^2.6.2" } }, "sha512-+Xvh8nhy0Wjv1y71rBVyV3eJU3356XsFQNI8dEZVNrQju7Eib8G31GWtO+zMa9kTCGd41Mflu+ZKfmQL/o2XzQ=="],

    "@smithy/util-uri-escape": ["@smithy/util-uri-escape@4.0.0", "", { "dependencies": { "tslib": "^2.6.2" } }, "sha512-77yfbCbQMtgtTylO9itEAdpPXSog3ZxMe09AEhm0dU0NLTalV70ghDZFR+Nfi1C60jnJoh/Re4090/DuZh2Omg=="],

    "@smithy/util-utf8": ["@smithy/util-utf8@4.0.0", "", { "dependencies": { "@smithy/util-buffer-from": "^4.0.0", "tslib": "^2.6.2" } }, "sha512-b+zebfKCfRdgNJDknHCob3O7FpeYQN6ZG6YLExMcasDHsCXlsXCEuiPZeLnJLpwa5dvPetGlnGCiMHuLwGvFow=="],

    "@types/node": ["@types/node@22.7.5", "", { "dependencies": { "undici-types": "~6.19.2" } }, "sha512-jML7s2NAzMWc//QSJ1a3prpk78cOPchGvXJsC3C6R6PSMoooztvRVQEz89gmBTBY1SPMaqo5teB4uNHPdetShQ=="],

    "@types/ws": ["@types/ws@8.5.14", "", { "dependencies": { "@types/node": "*" } }, "sha512-bd/YFLW+URhBzMXurx7lWByOu+xzU9+kb3RboOteXYDfW+tr+JZa99OyNmPINEGB/ahzKrEuc8rcv4gnpJmxTw=="],

    "abitype": ["abitype@1.0.8", "", { "peerDependencies": { "typescript": ">=5.0.4", "zod": "^3 >=3.22.0" }, "optionalPeers": ["typescript", "zod"] }, "sha512-ZeiI6h3GnW06uYDLx0etQtX/p8E24UaHHBj57RSjK7YBFe7iuVn07EDpOeP451D06sF27VOz9JJPlIKJmXgkEg=="],

    "aes-js": ["aes-js@4.0.0-beta.5", "", {}, "sha512-G965FqalsNyrPqgEGON7nIx1e/OVENSgiEIzyC63haUMuvNnwIgIjMs52hlTCKhkBny7A2ORNlfY9Zu+jmGk1Q=="],

    "asn1js": ["asn1js@3.0.5", "", { "dependencies": { "pvtsutils": "^1.3.2", "pvutils": "^1.1.3", "tslib": "^2.4.0" } }, "sha512-FVnvrKJwpt9LP2lAMl8qZswRNm3T4q9CON+bxldk2iwk3FFpuwhx2FfinyitizWHsVYyaY+y5JzDR0rCMV5yTQ=="],

    "bowser": ["bowser@2.11.0", "", {}, "sha512-AlcaJBi/pqqJBIQ8U9Mcpc9i8Aqxn88Skv5d+xBX006BY5u8N3mGLHa5Lgppa7L/HfwgwLgZ6NYs+Ag6uUmJRA=="],

    "bufferutil": ["bufferutil@4.0.9", "", { "dependencies": { "node-gyp-build": "^4.3.0" } }, "sha512-WDtdLmJvAuNNPzByAYpRo2rF1Mmradw6gvWsQKf63476DDXmomT9zUiGypLcG4ibIM67vhAj8jJRdbmEws2Aqw=="],

    "bun-types": ["bun-types@1.2.2", "", { "dependencies": { "@types/node": "*", "@types/ws": "~8.5.10" } }, "sha512-RCbMH5elr9gjgDGDhkTTugA21XtJAy/9jkKe/G3WR2q17VPGhcquf9Sir6uay9iW+7P/BV0CAHA1XlHXMAVKHg=="],

    "ethers": ["ethers@6.13.5", "", { "dependencies": { "@adraffy/ens-normalize": "1.10.1", "@noble/curves": "1.2.0", "@noble/hashes": "1.3.2", "@types/node": "22.7.5", "aes-js": "4.0.0-beta.5", "tslib": "2.7.0", "ws": "8.17.1" } }, "sha512-+knKNieu5EKRThQJWwqaJ10a6HE9sSehGeqWN65//wE7j47ZpFhKAnHB/JJFibwwg61I/koxaPsXbXpD/skNOQ=="],

    "eventemitter3": ["eventemitter3@5.0.1", "", {}, "sha512-GWkBvjiSZK87ELrYOSESUYeVIc9mvLLf/nXalMOS5dYrgZq9o5OVkbZAVM06CVxYsCwH9BDZFPlQTlPA1j4ahA=="],

    "fast-xml-parser": ["fast-xml-parser@4.4.1", "", { "dependencies": { "strnum": "^1.0.5" }, "bin": { "fxparser": "src/cli/cli.js" } }, "sha512-xkjOecfnKGkSsOwtZ5Pz7Us/T6mrbPQrq0nh+aCO5V9nk5NLWmasAHumTKjiPJPWANe+kAZ84Jc8ooJkzZ88Sw=="],

    "isows": ["isows@1.0.6", "", { "peerDependencies": { "ws": "*" } }, "sha512-lPHCayd40oW98/I0uvgaHKWCSvkzY27LjWLbtzOm64yQ+G3Q5npjjbdppU65iZXkK1Zt+kH9pfegli0AYfwYYw=="],

    "node-fetch": ["node-fetch@2.7.0", "", { "dependencies": { "whatwg-url": "^5.0.0" }, "peerDependencies": { "encoding": "^0.1.0" }, "optionalPeers": ["encoding"] }, "sha512-c4FRfUm/dbcWZ7U+1Wq0AwCyFL+3nt2bEw05wfxSz+DWpWsitgmSgYmy2dQdWyKC1694ELPqMs/YzUSNozLt8A=="],

    "node-gyp-build": ["node-gyp-build@4.8.4", "", { "bin": { "node-gyp-build": "bin.js", "node-gyp-build-optional": "optional.js", "node-gyp-build-test": "build-test.js" } }, "sha512-LA4ZjwlnUblHVgq0oBF3Jl/6h/Nvs5fzBLwdEF4nuxnFdsfajde4WfxtJr3CaiH+F6ewcIB/q4jQ4UzPyid+CQ=="],

    "ox": ["ox@0.6.7", "", { "dependencies": { "@adraffy/ens-normalize": "^1.10.1", "@noble/curves": "^1.6.0", "@noble/hashes": "^1.5.0", "@scure/bip32": "^1.5.0", "@scure/bip39": "^1.4.0", "abitype": "^1.0.6", "eventemitter3": "5.0.1" }, "peerDependencies": { "typescript": ">=5.4.0" }, "optionalPeers": ["typescript"] }, "sha512-17Gk/eFsFRAZ80p5eKqv89a57uXjd3NgIf1CaXojATPBuujVc/fQSVhBeAU9JCRB+k7J50WQAyWTxK19T9GgbA=="],

    "pvtsutils": ["pvtsutils@1.3.6", "", { "dependencies": { "tslib": "^2.8.1" } }, "sha512-PLgQXQ6H2FWCaeRak8vvk1GW462lMxB5s3Jm673N82zI4vqtVUPuZdffdZbPDFRoU8kAhItWFtPCWiPpp4/EDg=="],

    "pvutils": ["pvutils@1.1.3", "", {}, "sha512-pMpnA0qRdFp32b1sJl1wOJNxZLQ2cbQx+k6tjNtZ8CpvVhNqEPRgivZ2WOUev2YMajecdH7ctUPDvEe87nariQ=="],

    "semver": ["semver@7.7.1", "", { "bin": { "semver": "bin/semver.js" } }, "sha512-hlq8tAfn0m/61p4BVRcPzIGr6LKiMwo4VM6dGi6pt4qcRkmNzTcWq6eCEjEh+qXjkMDvPlOFFSGwQjoEa6gyMA=="],

    "strnum": ["strnum@1.0.5", "", {}, "sha512-J8bbNyKKXl5qYcR36TIO8W3mVGVHrmmxsd5PAItGkmyzwJvybiw2IVq5nqd0i4LSNSkB/sx9VHllbfFdr9k1JA=="],

    "tr46": ["tr46@0.0.3", "", {}, "sha512-N3WMsuqV66lT30CrXNbEjx4GEwlow3v6rr4mCcv6prnfwhS01rkgyFdjPNBYd9br7LpXV1+Emh01fHnq2Gdgrw=="],

    "tslib": ["tslib@2.7.0", "", {}, "sha512-gLXCKdN1/j47AiHiOkJN69hJmcbGTHI0ImLmbYLHykhgeN0jVGola9yVjFgzCUklsZQMW55o+dW7IXv3RCXDzA=="],

    "undici-types": ["undici-types@6.19.8", "", {}, "sha512-ve2KP6f/JnbPBFyobGHuerC9g1FYGn/F8n1LWTwNxCEzd6IfqTwUQcNXgEtmmQ6DlRrC1hrSrBnCZPokRrDHjw=="],

    "utf-8-validate": ["utf-8-validate@5.0.10", "", { "dependencies": { "node-gyp-build": "^4.3.0" } }, "sha512-Z6czzLq4u8fPOyx7TU6X3dvUZVvoJmxSQ+IcrlmagKhilxlhZgxPK6C5Jqbkw1IDUmFTM+cz9QDnnLTwDz/2gQ=="],

    "uuid": ["uuid@9.0.1", "", { "bin": { "uuid": "dist/bin/uuid" } }, "sha512-b+1eJOlsR9K8HJpow9Ok3fiWOWSIcIzXodvv0rQjVoOVNpWMpxf1wZNpt4y9h10odCNrqnYp1OBzRktckBe3sA=="],

    "viem": ["viem@2.23.2", "", { "dependencies": { "@noble/curves": "1.8.1", "@noble/hashes": "1.7.1", "@scure/bip32": "1.6.2", "@scure/bip39": "1.5.4", "abitype": "1.0.8", "isows": "1.0.6", "ox": "0.6.7", "ws": "8.18.0" }, "peerDependencies": { "typescript": ">=5.0.4" }, "optionalPeers": ["typescript"] }, "sha512-NVmW/E0c5crMOtbEAqMF0e3NmvQykFXhLOc/CkLIXOlzHSA6KXVz3CYVmaKqBF8/xtjsjHAGjdJN3Ru1kFJLaA=="],

    "webidl-conversions": ["webidl-conversions@3.0.1", "", {}, "sha512-2JAn3z8AR6rjK8Sm8orRC0h/bcl/DqL7tRPdGZ4I1CjdF+EaMLmYxBHyXuKL849eucPFhvBoxMsflfOb8kxaeQ=="],

    "whatwg-url": ["whatwg-url@5.0.0", "", { "dependencies": { "tr46": "~0.0.3", "webidl-conversions": "^3.0.0" } }, "sha512-saE57nupxk6v3HY35+jzBwYa0rKSy0XR8JSxZPwgLr7ys0IBzhGviA1/TUGJLmSVqs8pb9AnvICXEuOHLprYTw=="],

    "ws": ["ws@8.17.1", "", { "peerDependencies": { "bufferutil": "^4.0.1", "utf-8-validate": ">=5.0.2" }, "optionalPeers": ["bufferutil", "utf-8-validate"] }, "sha512-6XQFvXTkbfUOZOKKILFG1PDK2NDQs4azKQl26T0YS5CxqWLgXajbPZ+h4gZekJyRqFU8pvnbAbbs/3TgRPy+GQ=="],

    "@aws-crypto/sha256-browser/@smithy/util-utf8": ["@smithy/util-utf8@2.3.0", "", { "dependencies": { "@smithy/util-buffer-from": "^2.2.0", "tslib": "^2.6.2" } }, "sha512-R8Rdn8Hy72KKcebgLiv8jQcQkXoLMOGGv5uI1/k0l+snqkOzQ1R0ChUBCxWMlBsFMekWjq0wRudIweFs7sKT5A=="],

    "@aws-crypto/util/@smithy/util-utf8": ["@smithy/util-utf8@2.3.0", "", { "dependencies": { "@smithy/util-buffer-from": "^2.2.0", "tslib": "^2.6.2" } }, "sha512-R8Rdn8Hy72KKcebgLiv8jQcQkXoLMOGGv5uI1/k0l+snqkOzQ1R0ChUBCxWMlBsFMekWjq0wRudIweFs7sKT5A=="],

    "@peculiar/asn1-schema/tslib": ["tslib@2.8.1", "", {}, "sha512-oJFu94HQb+KVduSUQL7wnpmqnfmLsOA/nAh6b6EH0wCEoK0/mPeXU6c3wKDV83MkOuHPRHtSXKKU99IBazS/2w=="],

    "ethers/@noble/curves": ["@noble/curves@1.2.0", "", { "dependencies": { "@noble/hashes": "1.3.2" } }, "sha512-oYclrNgRaM9SsBUBVbb8M6DTV7ZHRTKugureoYEncY5c65HOmRzvSiTE3y5CYaPYJA/GVkrhXEoF0M3Ya9PMnw=="],

    "ethers/@noble/hashes": ["@noble/hashes@1.3.2", "", {}, "sha512-MVC8EAQp7MvEcm30KWENFjgR+Mkmf+D189XJTkFIlwohU5hcBbn1ZkKq7KVTi2Hme3PMGF390DaL52beVrIihQ=="],

    "pvtsutils/tslib": ["tslib@2.8.1", "", {}, "sha512-oJFu94HQb+KVduSUQL7wnpmqnfmLsOA/nAh6b6EH0wCEoK0/mPeXU6c3wKDV83MkOuHPRHtSXKKU99IBazS/2w=="],

    "viem/ws": ["ws@8.18.0", "", { "peerDependencies": { "bufferutil": "^4.0.1", "utf-8-validate": ">=5.0.2" }, "optionalPeers": ["bufferutil", "utf-8-validate"] }, "sha512-8VbfWfHLbbwu3+N6OKsOMpBdT4kXPDDB9cJk2bJ6mh9ucxdlnNvH1e+roYkKmN9Nxw2yjz7VzeO9oOz2zJ04Pw=="],

    "@aws-crypto/sha256-browser/@smithy/util-utf8/@smithy/util-buffer-from": ["@smithy/util-buffer-from@2.2.0", "", { "dependencies": { "@smithy/is-array-buffer": "^2.2.0", "tslib": "^2.6.2" } }, "sha512-IJdWBbTcMQ6DA0gdNhh/BwrLkDR+ADW5Kr1aZmd4k3DIF6ezMV4R2NIAmT08wQJ3yUK82thHWmC/TnK/wpMMIA=="],

    "@aws-crypto/util/@smithy/util-utf8/@smithy/util-buffer-from": ["@smithy/util-buffer-from@2.2.0", "", { "dependencies": { "@smithy/is-array-buffer": "^2.2.0", "tslib": "^2.6.2" } }, "sha512-IJdWBbTcMQ6DA0gdNhh/BwrLkDR+ADW5Kr1aZmd4k3DIF6ezMV4R2NIAmT08wQJ3yUK82thHWmC/TnK/wpMMIA=="],

    "@aws-crypto/sha256-browser/@smithy/util-utf8/@smithy/util-buffer-from/@smithy/is-array-buffer": ["@smithy/is-array-buffer@2.2.0", "", { "dependencies": { "tslib": "^2.6.2" } }, "sha512-GGP3O9QFD24uGeAXYUjwSTXARoqpZykHadOmA8G5vfJPK0/DC67qa//0qvqrJzL1xc8WQWX7/yc7fwudjPHPhA=="],

    "@aws-crypto/util/@smithy/util-utf8/@smithy/util-buffer-from/@smithy/is-array-buffer": ["@smithy/is-array-buffer@2.2.0", "", { "dependencies": { "tslib": "^2.6.2" } }, "sha512-GGP3O9QFD24uGeAXYUjwSTXARoqpZykHadOmA8G5vfJPK0/DC67qa//0qvqrJzL1xc8WQWX7/yc7fwudjPHPhA=="],
  }
}
